
Microsoft Visual Studio Solution File, Format Version 12.00
# Visual Studio 15
VisualStudioVersion = 15.0.28307.271
MinimumVisualStudioVersion = 10.0.40219.1
Project("{FAE04EC0-301F-11D3-BF4B-00C04F79EFBC}") = "CaisseDesktop", "CaisseDesktop\CaisseDesktop.csproj", "{D66A3F79-D706-49D5-81F3-BA4FFC294DA9}"
	ProjectSection(ProjectDependencies) = postProject
		{3115494D-C5A1-4242-BE2E-CE8B14123569} = {3115494D-C5A1-4242-BE2E-CE8B14123569}
		{FE58457E-240B-42A1-BA12-4C120768C367} = {FE58457E-240B-42A1-BA12-4C120768C367}
	EndProjectSection
EndProject
Project("{FAE04EC0-301F-11D3-BF4B-00C04F79EFBC}") = "CaisseLibrary", "CaisseLibrary\CaisseLibrary.csproj", "{3115494D-C5A1-4242-BE2E-CE8B14123569}"
EndProject
Project("{FAE04EC0-301F-11D3-BF4B-00C04F79EFBC}") = "CaisseServer", "CaisseServer\CaisseServer.csproj", "{6F76194B-A300-4A8C-B59A-83F65AD761BB}"
	ProjectSection(ProjectDependencies) = postProject
		{FE58457E-240B-42A1-BA12-4C120768C367} = {FE58457E-240B-42A1-BA12-4C120768C367}
	EndProjectSection
EndProject
Project("{2150E333-8FDC-42A3-9474-1A3956D46DE8}") = "Solution Items", "Solution Items", "{3B9322C0-32EF-456D-9C69-A457ABC7F255}"
	ProjectSection(SolutionItems) = preProject
		Permissions.md = Permissions.md
	EndProjectSection
EndProject
Project("{FAE04EC0-301F-11D3-BF4B-00C04F79EFBC}") = "CaisseIO", "CaisseIO\CaisseIO.csproj", "{FE58457E-240B-42A1-BA12-4C120768C367}"
EndProject
Project("{FAE04EC0-301F-11D3-BF4B-00C04F79EFBC}") = "CaisseReservationLibrary", "CaisseReservationLibrary\CaisseReservationLibrary.csproj", "{F4818A26-CB15-404C-B501-B354D8F32083}"
EndProject
Project("{FAE04EC0-301F-11D3-BF4B-00C04F79EFBC}") = "CaisseReservationServer", "CaisseReservationServer\CaisseReservationServer.csproj", "{7970C4A7-D6E8-4C21-8DBA-609CC988E63E}"
EndProject
Project("{FAE04EC0-301F-11D3-BF4B-00C04F79EFBC}") = "CaisseTest", "CaisseText\CaisseTest.csproj", "{A2EFAC8C-8E15-4F05-BC2E-85A877C63F98}"
EndProject
Global
	GlobalSection(SolutionConfigurationPlatforms) = preSolution
		Debug|Any CPU = Debug|Any CPU
		Release|Any CPU = Release|Any CPU
	EndGlobalSection
	GlobalSection(ProjectConfigurationPlatforms) = postSolution
		{D66A3F79-D706-49D5-81F3-BA4FFC294DA9}.Debug|Any CPU.ActiveCfg = Debug|Any CPU
		{D66A3F79-D706-49D5-81F3-BA4FFC294DA9}.Debug|Any CPU.Build.0 = Debug|Any CPU
		{D66A3F79-D706-49D5-81F3-BA4FFC294DA9}.Release|Any CPU.ActiveCfg = Release|Any CPU
		{D66A3F79-D706-49D5-81F3-BA4FFC294DA9}.Release|Any CPU.Build.0 = Release|Any CPU
		{3115494D-C5A1-4242-BE2E-CE8B14123569}.Debug|Any CPU.ActiveCfg = Debug|Any CPU
		{3115494D-C5A1-4242-BE2E-CE8B14123569}.Debug|Any CPU.Build.0 = Debug|Any CPU
		{3115494D-C5A1-4242-BE2E-CE8B14123569}.Release|Any CPU.ActiveCfg = Release|Any CPU
		{3115494D-C5A1-4242-BE2E-CE8B14123569}.Release|Any CPU.Build.0 = Release|Any CPU
		{6F76194B-A300-4A8C-B59A-83F65AD761BB}.Debug|Any CPU.ActiveCfg = Debug|Any CPU
		{6F76194B-A300-4A8C-B59A-83F65AD761BB}.Debug|Any CPU.Build.0 = Debug|Any CPU
		{6F76194B-A300-4A8C-B59A-83F65AD761BB}.Release|Any CPU.ActiveCfg = Release|Any CPU
		{6F76194B-A300-4A8C-B59A-83F65AD761BB}.Release|Any CPU.Build.0 = Release|Any CPU
		{FE58457E-240B-42A1-BA12-4C120768C367}.Debug|Any CPU.ActiveCfg = Debug|Any CPU
		{FE58457E-240B-42A1-BA12-4C120768C367}.Debug|Any CPU.Build.0 = Debug|Any CPU
		{FE58457E-240B-42A1-BA12-4C120768C367}.Release|Any CPU.ActiveCfg = Release|Any CPU
		{FE58457E-240B-42A1-BA12-4C120768C367}.Release|Any CPU.Build.0 = Release|Any CPU
		{F4818A26-CB15-404C-B501-B354D8F32083}.Debug|Any CPU.ActiveCfg = Debug|Any CPU
		{F4818A26-CB15-404C-B501-B354D8F32083}.Debug|Any CPU.Build.0 = Debug|Any CPU
		{F4818A26-CB15-404C-B501-B354D8F32083}.Release|Any CPU.ActiveCfg = Release|Any CPU
		{F4818A26-CB15-404C-B501-B354D8F32083}.Release|Any CPU.Build.0 = Release|Any CPU
		{7970C4A7-D6E8-4C21-8DBA-609CC988E63E}.Debug|Any CPU.ActiveCfg = Debug|Any CPU
		{7970C4A7-D6E8-4C21-8DBA-609CC988E63E}.Debug|Any CPU.Build.0 = Debug|Any CPU
		{7970C4A7-D6E8-4C21-8DBA-609CC988E63E}.Release|Any CPU.ActiveCfg = Release|Any CPU
		{7970C4A7-D6E8-4C21-8DBA-609CC988E63E}.Release|Any CPU.Build.0 = Release|Any CPU
		{A2EFAC8C-8E15-4F05-BC2E-85A877C63F98}.Debug|Any CPU.ActiveCfg = Debug|Any CPU
		{A2EFAC8C-8E15-4F05-BC2E-85A877C63F98}.Debug|Any CPU.Build.0 = Debug|Any CPU
		{A2EFAC8C-8E15-4F05-BC2E-85A877C63F98}.Release|Any CPU.ActiveCfg = Release|Any CPU
		{A2EFAC8C-8E15-4F05-BC2E-85A877C63F98}.Release|Any CPU.Build.0 = Release|Any CPU
	EndGlobalSection
	GlobalSection(SolutionProperties) = preSolution
		HideSolutionNode = FALSE
	EndGlobalSection
	GlobalSection(ExtensibilityGlobals) = postSolution
		SolutionGuid = {0F869DD4-E9C2-4A26-BFF5-70322E04333C}
	EndGlobalSection
EndGlobal
